
Microsoft Visual Studio Solution File, Format Version 12.00
# Visual Studio Version 17
VisualStudioVersion = 17.4.33403.182
MinimumVisualStudioVersion = 10.0.40219.1
Project("{9A19103F-16F7-4668-BE54-9A1E7A4F7556}") = "BlackSmith.Domain", "BlackSmith.Domain.csproj", "{923DF676-061B-4CD4-BAD4-DEF5D0EB64B3}"
EndProject
Project("{9A19103F-16F7-4668-BE54-9A1E7A4F7556}") = "BlackSmith.Domain.Test", "Test\BlackSmith.Domain.Test\BlackSmith.Domain.Test.csproj", "{AEBFAAD0-2B54-4D0B-846A-B1BE9021CC45}"
EndProject
Global
	GlobalSection(SolutionConfigurationPlatforms) = preSolution
		Debug|Any CPU = Debug|Any CPU
		Release|Any CPU = Release|Any CPU
	EndGlobalSection
	GlobalSection(ProjectConfigurationPlatforms) = postSolution
		{923DF676-061B-4CD4-BAD4-DEF5D0EB64B3}.Debug|Any CPU.ActiveCfg = Debug|Any CPU
		{923DF676-061B-4CD4-BAD4-DEF5D0EB64B3}.Debug|Any CPU.Build.0 = Debug|Any CPU
		{923DF676-061B-4CD4-BAD4-DEF5D0EB64B3}.Release|Any CPU.ActiveCfg = Release|Any CPU
		{923DF676-061B-4CD4-BAD4-DEF5D0EB64B3}.Release|Any CPU.Build.0 = Release|Any CPU
		{AEBFAAD0-2B54-4D0B-846A-B1BE9021CC45}.Debug|Any CPU.ActiveCfg = Debug|Any CPU
		{AEBFAAD0-2B54-4D0B-846A-B1BE9021CC45}.Debug|Any CPU.Build.0 = Debug|Any CPU
		{AEBFAAD0-2B54-4D0B-846A-B1BE9021CC45}.Release|Any CPU.ActiveCfg = Release|Any CPU
		{AEBFAAD0-2B54-4D0B-846A-B1BE9021CC45}.Release|Any CPU.Build.0 = Release|Any CPU
	EndGlobalSection
	GlobalSection(SolutionProperties) = preSolution
		HideSolutionNode = FALSE
	EndGlobalSection
	GlobalSection(ExtensibilityGlobals) = postSolution
		SolutionGuid = {A03DF47E-0E5D-4032-9016-F4C71A5CD450}
	EndGlobalSection
EndGlobal
